
Microsoft Visual Studio Solution File, Format Version 12.00
# Visual Studio 15
VisualStudioVersion = 15.0.27703.2042
MinimumVisualStudioVersion = 10.0.40219.1
Project("{9A19103F-16F7-4668-BE54-9A1E7A4F7556}") = "SessionBehaviorDemo", "SessionBehaviorDemo\SessionBehaviorDemo.csproj", "{D7B94399-C775-4C33-ACE7-A2BC9F578974}"
EndProject
Global
	GlobalSection(SolutionConfigurationPlatforms) = preSolution
		Debug|Any CPU = Debug|Any CPU
		Release|Any CPU = Release|Any CPU
	EndGlobalSection
	GlobalSection(ProjectConfigurationPlatforms) = postSolution
		{D7B94399-C775-4C33-ACE7-A2BC9F578974}.Debug|Any CPU.ActiveCfg = Debug|Any CPU
		{D7B94399-C775-4C33-ACE7-A2BC9F578974}.Debug|Any CPU.Build.0 = Debug|Any CPU
		{D7B94399-C775-4C33-ACE7-A2BC9F578974}.Release|Any CPU.ActiveCfg = Release|Any CPU
		{D7B94399-C775-4C33-ACE7-A2BC9F578974}.Release|Any CPU.Build.0 = Release|Any CPU
	EndGlobalSection
	GlobalSection(SolutionProperties) = preSolution
		HideSolutionNode = FALSE
	EndGlobalSection
	GlobalSection(ExtensibilityGlobals) = postSolution
		SolutionGuid = {7063F2C8-05E2-4251-8FE6-8A31A64D1C8F}
	EndGlobalSection
EndGlobal
